# THIS IS AN AUTOGENERATED FILE. DO NOT EDIT THIS FILE DIRECTLY.
# yarn lockfile v1


"@ronomon/queue@^3.0.0":
  version "3.0.1"
  resolved "https://registry.yarnpkg.com/@ronomon/queue/-/queue-3.0.1.tgz#42613e8488289ad452f4cf2244064958fc08d370"
  integrity sha512-STcqSvk+c7ArMrZgYxhM92p6O6F7t0SUbGr+zm8s9fJple5EdJAMwP3dXqgdXeF95xWhBpha5kjEqNAIdI0r4w==

"@types/node@^14.0.13":
  version "14.0.13"
  resolved "https://registry.yarnpkg.com/@types/node/-/node-14.0.13.tgz#ee1128e881b874c371374c1f72201893616417c9"
  integrity sha512-rouEWBImiRaSJsVA+ITTFM6ZxibuAlTuNOCyxVbwreu6k6+ujs7DfnU9o+PShFhET78pMBl3eH+AGSI5eOTkPA==

node-addon-api@^2.0.0:
  version "2.0.1"
  resolved "https://registry.yarnpkg.com/node-addon-api/-/node-addon-api-2.0.1.tgz#4fd0931bf6d7e48b219ff3e6abc73cbb0252b7a3"
  integrity sha512-2WVfwRfIr1AVn3dRq4yRc2Hn35ND+mPJH6inC6bjpYCZVrpXPB4j3T6i//OGVfqVsR1t/X/axRulDsheq4F0LQ==
